
Microsoft Visual Studio Solution File, Format Version 12.00
# Visual Studio Version 16
VisualStudioVersion = 16.0.29920.165
MinimumVisualStudioVersion = 10.0.40219.1
Project("{888888A0-9F3D-457C-B088-3A5042F75D52}") = "PL_Spectrum_reader", "PL_Spectrum_reader.pyproj", "{56D1F176-65E7-4F52-8613-527662127F14}"
EndProject
Global
	GlobalSection(SolutionConfigurationPlatforms) = preSolution
		Debug|Any CPU = Debug|Any CPU
		Release|Any CPU = Release|Any CPU
	EndGlobalSection
	GlobalSection(ProjectConfigurationPlatforms) = postSolution
		{56D1F176-65E7-4F52-8613-527662127F14}.Debug|Any CPU.ActiveCfg = Debug|Any CPU
		{56D1F176-65E7-4F52-8613-527662127F14}.Release|Any CPU.ActiveCfg = Release|Any CPU
	EndGlobalSection
	GlobalSection(SolutionProperties) = preSolution
		HideSolutionNode = FALSE
	EndGlobalSection
	GlobalSection(ExtensibilityGlobals) = postSolution
		SolutionGuid = {EC54AA4E-7BA6-4657-ACD2-B508286CABCE}
	EndGlobalSection
EndGlobal
